// !$*UTF8*$!
{
	archiveVersion = 1;
	classes = {
	};
	objectVersion = 56;
	objects = {

/* Begin PBXBuildFile section */
		AF4240FA28F981CA006A6CAF /* DisplayScreen.swift in Sources */ = {isa = PBXBuildFile; fileRef = AF4240F928F981CA006A6CAF /* DisplayScreen.swift */; };
		AFB8618928DEFA0D007F2B06 /* CModel.swift in Sources */ = {isa = PBXBuildFile; fileRef = AFB8618828DEFA0D007F2B06 /* CModel.swift */; };
		AFB8618B28DEFBE1007F2B06 /* CDocument.swift in Sources */ = {isa = PBXBuildFile; fileRef = AFB8618A28DEFBE1007F2B06 /* CDocument.swift */; };
		AFC42F6728F9934200259CB1 /* NumberButton.swift in Sources */ = {isa = PBXBuildFile; fileRef = AFC42F6628F9934200259CB1 /* NumberButton.swift */; };
		AFC42F6928F9955A00259CB1 /* OperatorButton.swift in Sources */ = {isa = PBXBuildFile; fileRef = AFC42F6828F9955A00259CB1 /* OperatorButton.swift */; };
		AFC42F6B28F9972D00259CB1 /* SpecialButton.swift in Sources */ = {isa = PBXBuildFile; fileRef = AFC42F6A28F9972D00259CB1 /* SpecialButton.swift */; };
		AFCD872428DE045300674189 /* CalculatorApp.swift in Sources */ = {isa = PBXBuildFile; fileRef = AFCD872328DE045300674189 /* CalculatorApp.swift */; };
		AFCD872628DE045300674189 /* ContentView.swift in Sources */ = {isa = PBXBuildFile; fileRef = AFCD872528DE045300674189 /* ContentView.swift */; };
		AFCD872828DE045400674189 /* Assets.xcassets in Resources */ = {isa = PBXBuildFile; fileRef = AFCD872728DE045400674189 /* Assets.xcassets */; };
		AFCD872B28DE045400674189 /* Preview Assets.xcassets in Resources */ = {isa = PBXBuildFile; fileRef = AFCD872A28DE045400674189 /* Preview Assets.xcassets */; };
/* End PBXBuildFile section */

/* Begin PBXFileReference section */
		AF4240F928F981CA006A6CAF /* DisplayScreen.swift */ = {isa = PBXFileReference; lastKnownFileType = sourcecode.swift; path = DisplayScreen.swift; sourceTree = "<group>"; };
		AFB8618828DEFA0D007F2B06 /* CModel.swift */ = {isa = PBXFileReference; lastKnownFileType = sourcecode.swift; path = CModel.swift; sourceTree = "<group>"; };
		AFB8618A28DEFBE1007F2B06 /* CDocument.swift */ = {isa = PBXFileReference; lastKnownFileType = sourcecode.swift; path = CDocument.swift; sourceTree = "<group>"; };
		AFC42F6628F9934200259CB1 /* NumberButton.swift */ = {isa = PBXFileReference; lastKnownFileType = sourcecode.swift; path = NumberButton.swift; sourceTree = "<group>"; };
		AFC42F6828F9955A00259CB1 /* OperatorButton.swift */ = {isa = PBXFileReference; lastKnownFileType = sourcecode.swift; path = OperatorButton.swift; sourceTree = "<group>"; };
		AFC42F6A28F9972D00259CB1 /* SpecialButton.swift */ = {isa = PBXFileReference; lastKnownFileType = sourcecode.swift; path = SpecialButton.swift; sourceTree = "<group>"; };
		AFCD872028DE045300674189 /* Calculator.app */ = {isa = PBXFileReference; explicitFileType = wrapper.application; includeInIndex = 0; path = Calculator.app; sourceTree = BUILT_PRODUCTS_DIR; };
		AFCD872328DE045300674189 /* CalculatorApp.swift */ = {isa = PBXFileReference; lastKnownFileType = sourcecode.swift; path = CalculatorApp.swift; sourceTree = "<group>"; };
		AFCD872528DE045300674189 /* ContentView.swift */ = {isa = PBXFileReference; lastKnownFileType = sourcecode.swift; path = ContentView.swift; sourceTree = "<group>"; };
		AFCD872728DE045400674189 /* Assets.xcassets */ = {isa = PBXFileReference; lastKnownFileType = folder.assetcatalog; path = Assets.xcassets; sourceTree = "<group>"; };
		AFCD872A28DE045400674189 /* Preview Assets.xcassets */ = {isa = PBXFileReference; lastKnownFileType = folder.assetcatalog; path = "Preview Assets.xcassets"; sourceTree = "<group>"; };
/* End PBXFileReference section */

/* Begin PBXFrameworksBuildPhase section */
		AFCD871D28DE045300674189 /* Frameworks */ = {
			isa = PBXFrameworksBuildPhase;
			buildActionMask = 2147483647;
			files = (
			);
			runOnlyForDeploymentPostprocessing = 0;
		};
/* End PBXFrameworksBuildPhase section */

/* Begin PBXGroup section */
		AF15A44528DE10A700125986 /* Model */ = {
			isa = PBXGroup;
			children = (
				AFB8618828DEFA0D007F2B06 /* CModel.swift */,
			);
			path = Model;
			sourceTree = "<group>";
		};
		AF15A44628DE10BC00125986 /* ViewModel */ = {
			isa = PBXGroup;
			children = (
				AFB8618A28DEFBE1007F2B06 /* CDocument.swift */,
			);
			path = ViewModel;
			sourceTree = "<group>";
		};
		AF15A44728DE10C300125986 /* View */ = {
			isa = PBXGroup;
			children = (
				AF4240F928F981CA006A6CAF /* DisplayScreen.swift */,
				AFC42F6628F9934200259CB1 /* NumberButton.swift */,
				AFC42F6828F9955A00259CB1 /* OperatorButton.swift */,
				AFC42F6A28F9972D00259CB1 /* SpecialButton.swift */,
			);
			path = View;
			sourceTree = "<group>";
		};
		AFCD871728DE045300674189 = {
			isa = PBXGroup;
			children = (
				AFCD872228DE045300674189 /* Calculator */,
				AFCD872128DE045300674189 /* Products */,
			);
			sourceTree = "<group>";
		};
		AFCD872128DE045300674189 /* Products */ = {
			isa = PBXGroup;
			children = (
				AFCD872028DE045300674189 /* Calculator.app */,
			);
			name = Products;
			sourceTree = "<group>";
		};
		AFCD872228DE045300674189 /* Calculator */ = {
			isa = PBXGroup;
			children = (
				AF15A44728DE10C300125986 /* View */,
				AF15A44628DE10BC00125986 /* ViewModel */,
				AF15A44528DE10A700125986 /* Model */,
				AFCD872328DE045300674189 /* CalculatorApp.swift */,
				AFCD872528DE045300674189 /* ContentView.swift */,
				AFCD872728DE045400674189 /* Assets.xcassets */,
				AFCD872928DE045400674189 /* Preview Content */,
			);
			path = Calculator;
			sourceTree = "<group>";
		};
		AFCD872928DE045400674189 /* Preview Content */ = {
			isa = PBXGroup;
			children = (
				AFCD872A28DE045400674189 /* Preview Assets.xcassets */,
			);
			path = "Preview Content";
			sourceTree = "<group>";
		};
/* End PBXGroup section */

/* Begin PBXNativeTarget section */
		AFCD871F28DE045300674189 /* Calculator */ = {
			isa = PBXNativeTarget;
			buildConfigurationList = AFCD872E28DE045400674189 /* Build configuration list for PBXNativeTarget "Calculator" */;
			buildPhases = (
				AFCD871C28DE045300674189 /* Sources */,
				AFCD871D28DE045300674189 /* Frameworks */,
				AFCD871E28DE045300674189 /* Resources */,
			);
			buildRules = (
			);
			dependencies = (
			);
			name = Calculator;
			productName = Calculator;
			productReference = AFCD872028DE045300674189 /* Calculator.app */;
			productType = "com.apple.product-type.application";
		};
/* End PBXNativeTarget section */

/* Begin PBXProject section */
		AFCD871828DE045300674189 /* Project object */ = {
			isa = PBXProject;
			attributes = {
				BuildIndependentTargetsInParallel = 1;
				LastSwiftUpdateCheck = 1400;
				LastUpgradeCheck = 1400;
				TargetAttributes = {
					AFCD871F28DE045300674189 = {
						CreatedOnToolsVersion = 14.0;
					};
				};
			};
			buildConfigurationList = AFCD871B28DE045300674189 /* Build configuration list for PBXProject "Calculator" */;
			compatibilityVersion = "Xcode 14.0";
			developmentRegion = en;
			hasScannedForEncodings = 0;
			knownRegions = (
				en,
				Base,
			);
			mainGroup = AFCD871728DE045300674189;
			productRefGroup = AFCD872128DE045300674189 /* Products */;
			projectDirPath = "";
			projectRoot = "";
			targets = (
				AFCD871F28DE045300674189 /* Calculator */,
			);
		};
/* End PBXProject section */

/* Begin PBXResourcesBuildPhase section */
		AFCD871E28DE045300674189 /* Resources */ = {
			isa = PBXResourcesBuildPhase;
			buildActionMask = 2147483647;
			files = (
				AFCD872B28DE045400674189 /* Preview Assets.xcassets in Resources */,
				AFCD872828DE045400674189 /* Assets.xcassets in Resources */,
			);
			runOnlyForDeploymentPostprocessing = 0;
		};
/* End PBXResourcesBuildPhase section */

/* Begin PBXSourcesBuildPhase section */
		AFCD871C28DE045300674189 /* Sources */ = {
			isa = PBXSourcesBuildPhase;
			buildActionMask = 2147483647;
			files = (
				AFB8618B28DEFBE1007F2B06 /* CDocument.swift in Sources */,
				AFC42F6728F9934200259CB1 /* NumberButton.swift in Sources */,
				AFB8618928DEFA0D007F2B06 /* CModel.swift in Sources */,
				AFCD872628DE045300674189 /* ContentView.swift in Sources */,
				AF4240FA28F981CA006A6CAF /* DisplayScreen.swift in Sources */,
				AFC42F6B28F9972D00259CB1 /* SpecialButton.swift in Sources */,
				AFCD872428DE045300674189 /* CalculatorApp.swift in Sources */,
				AFC42F6928F9955A00259CB1 /* OperatorButton.swift in Sources */,
			);
			runOnlyForDeploymentPostprocessing = 0;
		};
/* End PBXSourcesBuildPhase section */

/* Begin XCBuildConfiguration section */
		AFCD872C28DE045400674189 /* Debug */ = {
			isa = XCBuildConfiguration;
			buildSettings = {
				ALWAYS_SEARCH_USER_PATHS = NO;
				CLANG_ANALYZER_NONNULL = YES;
				CLANG_ANALYZER_NUMBER_OBJECT_CONVERSION = YES_AGGRESSIVE;
				CLANG_CXX_LANGUAGE_STANDARD = "gnu++20";
				CLANG_ENABLE_MODULES = YES;
				CLANG_ENABLE_OBJC_ARC = YES;
				CLANG_ENABLE_OBJC_WEAK = YES;
				CLANG_WARN_BLOCK_CAPTURE_AUTORELEASING = YES;
				CLANG_WARN_BOOL_CONVERSION = YES;
				CLANG_WARN_COMMA = YES;
				CLANG_WARN_CONSTANT_CONVERSION = YES;
				CLANG_WARN_DEPRECATED_OBJC_IMPLEMENTATIONS = YES;
				CLANG_WARN_DIRECT_OBJC_ISA_USAGE = YES_ERROR;
				CLANG_WARN_DOCUMENTATION_COMMENTS = YES;
				CLANG_WARN_EMPTY_BODY = YES;
				CLANG_WARN_ENUM_CONVERSION = YES;
				CLANG_WARN_INFINITE_RECURSION = YES;
				CLANG_WARN_INT_CONVERSION = YES;
				CLANG_WARN_NON_LITERAL_NULL_CONVERSION = YES;
				CLANG_WARN_OBJC_IMPLICIT_RETAIN_SELF = YES;
				CLANG_WARN_OBJC_LITERAL_CONVERSION = YES;
				CLANG_WARN_OBJC_ROOT_CLASS = YES_ERROR;
				CLANG_WARN_QUOTED_INCLUDE_IN_FRAMEWORK_HEADER = YES;
				CLANG_WARN_RANGE_LOOP_ANALYSIS = YES;
				CLANG_WARN_STRICT_PROTOTYPES = YES;
				CLANG_WARN_SUSPICIOUS_MOVE = YES;
				CLANG_WARN_UNGUARDED_AVAILABILITY = YES_AGGRESSIVE;
				CLANG_WARN_UNREACHABLE_CODE = YES;
				CLANG_WARN__DUPLICATE_METHOD_MATCH = YES;
				COPY_PHASE_STRIP = NO;
				DEBUG_INFORMATION_FORMAT = dwarf;
				ENABLE_STRICT_OBJC_MSGSEND = YES;
				ENABLE_TESTABILITY = YES;
				GCC_C_LANGUAGE_STANDARD = gnu11;
				GCC_DYNAMIC_NO_PIC = NO;
				GCC_NO_COMMON_BLOCKS = YES;
				GCC_OPTIMIZATION_LEVEL = 0;
				GCC_PREPROCESSOR_DEFINITIONS = (
					"DEBUG=1",
					"$(inherited)",
				);
				GCC_WARN_64_TO_32_BIT_CONVERSION = YES;
				GCC_WARN_ABOUT_RETURN_TYPE = YES_ERROR;
				GCC_WARN_UNDECLARED_SELECTOR = YES;
				GCC_WARN_UNINITIALIZED_AUTOS = YES_AGGRESSIVE;
				GCC_WARN_UNUSED_FUNCTION = YES;
				GCC_WARN_UNUSED_VARIABLE = YES;
				IPHONEOS_DEPLOYMENT_TARGET = 16.0;
				MTL_ENABLE_DEBUG_INFO = INCLUDE_SOURCE;
				MTL_FAST_MATH = YES;
				ONLY_ACTIVE_ARCH = YES;
				SDKROOT = iphoneos;
				SWIFT_ACTIVE_COMPILATION_CONDITIONS = DEBUG;
				SWIFT_OPTIMIZATION_LEVEL = "-Onone";
			};
			name = Debug;
		};
		AFCD872D28DE045400674189 /* Release */ = {
			isa = XCBuildConfiguration;
			buildSettings = {
				ALWAYS_SEARCH_USER_PATHS = NO;
				CLANG_ANALYZER_NONNULL = YES;
				CLANG_ANALYZER_NUMBER_OBJECT_CONVERSION = YES_AGGRESSIVE;
				CLANG_CXX_LANGUAGE_STANDARD = "gnu++20";
				CLANG_ENABLE_MODULES = YES;
				CLANG_ENABLE_OBJC_ARC = YES;
				CLANG_ENABLE_OBJC_WEAK = YES;
				CLANG_WARN_BLOCK_CAPTURE_AUTORELEASING = YES;
				CLANG_WARN_BOOL_CONVERSION = YES;
				CLANG_WARN_COMMA = YES;
				CLANG_WARN_CONSTANT_CONVERSION = YES;
				CLANG_WARN_DEPRECATED_OBJC_IMPLEMENTATIONS = YES;
				CLANG_WARN_DIRECT_OBJC_ISA_USAGE = YES_ERROR;
				CLANG_WARN_DOCUMENTATION_COMMENTS = YES;
				CLANG_WARN_EMPTY_BODY = YES;
				CLANG_WARN_ENUM_CONVERSION = YES;
				CLANG_WARN_INFINITE_RECURSION = YES;
				CLANG_WARN_INT_CONVERSION = YES;
				CLANG_WARN_NON_LITERAL_NULL_CONVERSION = YES;
				CLANG_WARN_OBJC_IMPLICIT_RETAIN_SELF = YES;
				CLANG_WARN_OBJC_LITERAL_CONVERSION = YES;
				CLANG_WARN_OBJC_ROOT_CLASS = YES_ERROR;
				CLANG_WARN_QUOTED_INCLUDE_IN_FRAMEWORK_HEADER = YES;
				CLANG_WARN_RANGE_LOOP_ANALYSIS = YES;
				CLANG_WARN_STRICT_PROTOTYPES = YES;
				CLANG_WARN_SUSPICIOUS_MOVE = YES;
				CLANG_WARN_UNGUARDED_AVAILABILITY = YES_AGGRESSIVE;
				CLANG_WARN_UNREACHABLE_CODE = YES;
				CLANG_WARN__DUPLICATE_METHOD_MATCH = YES;
				COPY_PHASE_STRIP = NO;
				DEBUG_INFORMATION_FORMAT = "dwarf-with-dsym";
				ENABLE_NS_ASSERTIONS = NO;
				ENABLE_STRICT_OBJC_MSGSEND = YES;
				GCC_C_LANGUAGE_STANDARD = gnu11;
				GCC_NO_COMMON_BLOCKS = YES;
				GCC_WARN_64_TO_32_BIT_CONVERSION = YES;
				GCC_WARN_ABOUT_RETURN_TYPE = YES_ERROR;
				GCC_WARN_UNDECLARED_SELECTOR = YES;
				GCC_WARN_UNINITIALIZED_AUTOS = YES_AGGRESSIVE;
				GCC_WARN_UNUSED_FUNCTION = YES;
				GCC_WARN_UNUSED_VARIABLE = YES;
				IPHONEOS_DEPLOYMENT_TARGET = 16.0;
				MTL_ENABLE_DEBUG_INFO = NO;
				MTL_FAST_MATH = YES;
				SDKROOT = iphoneos;
				SWIFT_COMPILATION_MODE = wholemodule;
				SWIFT_OPTIMIZATION_LEVEL = "-O";
				VALIDATE_PRODUCT = YES;
			};
			name = Release;
		};
		AFCD872F28DE045400674189 /* Debug */ = {
			isa = XCBuildConfiguration;
			buildSettings = {
				ASSETCATALOG_COMPILER_APPICON_NAME = AppIcon;
				ASSETCATALOG_COMPILER_GLOBAL_ACCENT_COLOR_NAME = AccentColor;
				CODE_SIGN_STYLE = Automatic;
				CURRENT_PROJECT_VERSION = 1;
				DEVELOPMENT_ASSET_PATHS = "\"Calculator/Preview Content\"";
				ENABLE_PREVIEWS = YES;
				GENERATE_INFOPLIST_FILE = YES;
				INFOPLIST_KEY_UIApplicationSceneManifest_Generation = YES;
				INFOPLIST_KEY_UIApplicationSupportsIndirectInputEvents = YES;
				INFOPLIST_KEY_UILaunchScreen_Generation = YES;
				INFOPLIST_KEY_UISupportedInterfaceOrientations_iPad = "UIInterfaceOrientationPortrait UIInterfaceOrientationPortraitUpsideDown UIInterfaceOrientationLandscapeLeft UIInterfaceOrientationLandscapeRight";
				INFOPLIST_KEY_UISupportedInterfaceOrientations_iPhone = "UIInterfaceOrientationPortrait UIInterfaceOrientationLandscapeLeft UIInterfaceOrientationLandscapeRight";
				LD_RUNPATH_SEARCH_PATHS = (
					"$(inherited)",
					"@executable_path/Frameworks",
				);
				MARKETING_VERSION = 1.0;
				PRODUCT_BUNDLE_IDENTIFIER = tongji.edu.cn.Calculator;
				PRODUCT_NAME = "$(TARGET_NAME)";
				SWIFT_EMIT_LOC_STRINGS = YES;
				SWIFT_VERSION = 5.0;
				TARGETED_DEVICE_FAMILY = "1,2";
			};
			name = Debug;
		};
		AFCD873028DE045400674189 /* Release */ = {
			isa = XCBuildConfiguration;
			buildSettings = {
				ASSETCATALOG_COMPILER_APPICON_NAME = AppIcon;
				ASSETCATALOG_COMPILER_GLOBAL_ACCENT_COLOR_NAME = AccentColor;
				CODE_SIGN_STYLE = Automatic;
				CURRENT_PROJECT_VERSION = 1;
				DEVELOPMENT_ASSET_PATHS = "\"Calculator/Preview Content\"";
				ENABLE_PREVIEWS = YES;
				GENERATE_INFOPLIST_FILE = YES;
				INFOPLIST_KEY_UIApplicationSceneManifest_Generation = YES;
				INFOPLIST_KEY_UIApplicationSupportsIndirectInputEvents = YES;
				INFOPLIST_KEY_UILaunchScreen_Generation = YES;
				INFOPLIST_KEY_UISupportedInterfaceOrientations_iPad = "UIInterfaceOrientationPortrait UIInterfaceOrientationPortraitUpsideDown UIInterfaceOrientationLandscapeLeft UIInterfaceOrientationLandscapeRight";
				INFOPLIST_KEY_UISupportedInterfaceOrientations_iPhone = "UIInterfaceOrientationPortrait UIInterfaceOrientationLandscapeLeft UIInterfaceOrientationLandscapeRight";
				LD_RUNPATH_SEARCH_PATHS = (
					"$(inherited)",
					"@executable_path/Frameworks",
				);
				MARKETING_VERSION = 1.0;
				PRODUCT_BUNDLE_IDENTIFIER = tongji.edu.cn.Calculator;
				PRODUCT_NAME = "$(TARGET_NAME)";
				SWIFT_EMIT_LOC_STRINGS = YES;
				SWIFT_VERSION = 5.0;
				TARGETED_DEVICE_FAMILY = "1,2";
			};
			name = Release;
		};
/* End XCBuildConfiguration section */

/* Begin XCConfigurationList section */
		AFCD871B28DE045300674189 /* Build configuration list for PBXProject "Calculator" */ = {
			isa = XCConfigurationList;
			buildConfigurations = (
				AFCD872C28DE045400674189 /* Debug */,
				AFCD872D28DE045400674189 /* Release */,
			);
			defaultConfigurationIsVisible = 0;
			defaultConfigurationName = Release;
		};
		AFCD872E28DE045400674189 /* Build configuration list for PBXNativeTarget "Calculator" */ = {
			isa = XCConfigurationList;
			buildConfigurations = (
				AFCD872F28DE045400674189 /* Debug */,
				AFCD873028DE045400674189 /* Release */,
			);
			defaultConfigurationIsVisible = 0;
			defaultConfigurationName = Release;
		};
/* End XCConfigurationList section */
	};
	rootObject = AFCD871828DE045300674189 /* Project object */;
}
